// !$*UTF8*$!
{
	archiveVersion = 1;
	classes = {
	};
	objectVersion = 54;
	objects = {

/* Begin PBXBuildFile section */
		00E356F31AD99517003FC87E /* CoffeeAppTests.m in Sources */ = {isa = PBXBuildFile; fileRef = 00E356F21AD99517003FC87E /* CoffeeAppTests.m */; };
		0C80B921A6F3F58F76C31292 /* libPods-CoffeeApp.a in Frameworks */ = {isa = PBXBuildFile; fileRef = 5DCACB8F33CDC322A6C60F78 /* libPods-CoffeeApp.a */; };
		13B07FBC1A68108700A75B9A /* AppDelegate.mm in Sources */ = {isa = PBXBuildFile; fileRef = 13B07FB01A68108700A75B9A /* AppDelegate.mm */; };
		13B07FBF1A68108700A75B9A /* Images.xcassets in Resources */ = {isa = PBXBuildFile; fileRef = 13B07FB51A68108700A75B9A /* Images.xcassets */; };
		13B07FC11A68108700A75B9A /* main.m in Sources */ = {isa = PBXBuildFile; fileRef = 13B07FB71A68108700A75B9A /* main.m */; };
		7699B88040F8A987B510C191 /* libPods-CoffeeApp-CoffeeAppTests.a in Frameworks */ = {isa = PBXBuildFile; fileRef = 19F6CBCC0A4E27FBF8BF4A61 /* libPods-CoffeeApp-CoffeeAppTests.a */; };
		81AB9BB82411601600AC10FF /* LaunchScreen.storyboard in Resources */ = {isa = PBXBuildFile; fileRef = 81AB9BB72411601600AC10FF /* LaunchScreen.storyboard */; };
		6FD01EA3D98F4A6C97A64327 /* app_icons.ttf in Resources */ = {isa = PBXBuildFile; fileRef = 994C76A2DFA14E30B107DD3C /* app_icons.ttf */; };
		C86452D5F48A4EF48AE235CF /* Poppins-Black.ttf in Resources */ = {isa = PBXBuildFile; fileRef = B36EFB80749A4679BF16C225 /* Poppins-Black.ttf */; };
		9E3A613DDF144918A8417E79 /* Poppins-Bold.ttf in Resources */ = {isa = PBXBuildFile; fileRef = 7767D88CEC2A48F8A6E77254 /* Poppins-Bold.ttf */; };
		681F467DB20E47B2B3A43AE1 /* Poppins-ExtraBold.ttf in Resources */ = {isa = PBXBuildFile; fileRef = B451A7209BEE4479B83EEA4D /* Poppins-ExtraBold.ttf */; };
		9208E57944044A1AA31DD1B9 /* Poppins-ExtraLight.ttf in Resources */ = {isa = PBXBuildFile; fileRef = 5DE4463C109B4D7DA3840215 /* Poppins-ExtraLight.ttf */; };
		12DFD61DC25A489499AC269B /* Poppins-Light.ttf in Resources */ = {isa = PBXBuildFile; fileRef = EC7B069B6BD54B8C824B15F9 /* Poppins-Light.ttf */; };
		B4956DA4A4384A87B897E67D /* Poppins-Medium.ttf in Resources */ = {isa = PBXBuildFile; fileRef = DC5ED696620147A582BADF28 /* Poppins-Medium.ttf */; };
		32C6201623FB47C39D8E903E /* Poppins-Regular.ttf in Resources */ = {isa = PBXBuildFile; fileRef = A51D2DBACF31458CAF876202 /* Poppins-Regular.ttf */; };
		3473CDB313F949379D654F5F /* Poppins-SemiBold.ttf in Resources */ = {isa = PBXBuildFile; fileRef = D9ADFDC4F1914D339EDEF4D7 /* Poppins-SemiBold.ttf */; };
		B68CD80448CF47318326E672 /* Poppins-Thin.ttf in Resources */ = {isa = PBXBuildFile; fileRef = 3B585C965A6A42E1B86804C6 /* Poppins-Thin.ttf */; };
		2F4452BFFD9342DABE7DC0BF /* amazonpay.png in Resources */ = {isa = PBXBuildFile; fileRef = A33804AB27504B3A9AA50F1F /* amazonpay.png */; };
		E0DC41369EEE4A459EE712EC /* applepay.png in Resources */ = {isa = PBXBuildFile; fileRef = 8C4BEF04625A497DBF8C13D2 /* applepay.png */; };
		188E0324B6D94E5BAF78909E /* avatar.png in Resources */ = {isa = PBXBuildFile; fileRef = A98E424C2DB74DB2A6BC02D0 /* avatar.png */; };
		ED1AB55C055B4C8A86FEC538 /* gpay.png in Resources */ = {isa = PBXBuildFile; fileRef = 490810C0CCA444F893FD8809 /* gpay.png */; };
		78BA2A1A945648919620F8A2 /* americano_pic_1_portrait.png in Resources */ = {isa = PBXBuildFile; fileRef = 49F9655A4D8D4CCDB92EF991 /* americano_pic_1_portrait.png */; };
		96AE1B16172B4B1897E2B6C1 /* americano_pic_2_portrait.png in Resources */ = {isa = PBXBuildFile; fileRef = A68C09D8FD4847B5AA296B1C /* americano_pic_2_portrait.png */; };
		A0AB08B8D07946F7A59A6CBA /* americano_pic_3_portrait.png in Resources */ = {isa = PBXBuildFile; fileRef = B9FB3169B46140458551C48E /* americano_pic_3_portrait.png */; };
		876197E91CF44ADA92EEEC62 /* americano_pic_1_square.png in Resources */ = {isa = PBXBuildFile; fileRef = 7D128EB429F948309D4854A1 /* americano_pic_1_square.png */; };
		48B18DAE3C0C41548BE50FBD /* americano_pic_2_square.png in Resources */ = {isa = PBXBuildFile; fileRef = 54B6F438B05943E689D311F0 /* americano_pic_2_square.png */; };
		ADBE6AE06CE546BAB876AB50 /* americano_pic_3_square.png in Resources */ = {isa = PBXBuildFile; fileRef = 49E91BDADBC74E268C9E5E0F /* americano_pic_3_square.png */; };
		E7139ED59EBD4576BF9ED51F /* arabica_coffee_beans_portrait.png in Resources */ = {isa = PBXBuildFile; fileRef = 41A42E3195F743B4BB82B819 /* arabica_coffee_beans_portrait.png */; };
		A1474D97F7474BC6BD286B35 /* arabica_coffee_beans_square.png in Resources */ = {isa = PBXBuildFile; fileRef = D5C2A68DA26C49649AE87831 /* arabica_coffee_beans_square.png */; };
		0649E40A24474900B9943359 /* black_coffee_pic_1_portrait.png in Resources */ = {isa = PBXBuildFile; fileRef = 6DD53C5A1D414355956E6315 /* black_coffee_pic_1_portrait.png */; };
		2103183B13D34727A270872A /* black_coffee_pic_2_portrait.png in Resources */ = {isa = PBXBuildFile; fileRef = BDD822E93E2940A394CE9080 /* black_coffee_pic_2_portrait.png */; };
		4EAAE53E76E5489AA9597B54 /* black_coffee_pic_3_portrait.png in Resources */ = {isa = PBXBuildFile; fileRef = ACAEAE12244547AF973CF12B /* black_coffee_pic_3_portrait.png */; };
		151E56F37B9C4593B7CFE7AA /* black_coffee_pic_1_square.png in Resources */ = {isa = PBXBuildFile; fileRef = AEB8209950184AB5AD7DD9D1 /* black_coffee_pic_1_square.png */; };
		EB810A134CEF4AD38940C489 /* black_coffee_pic_2_square.png in Resources */ = {isa = PBXBuildFile; fileRef = 8BE6B38F777146AFBE1B4E53 /* black_coffee_pic_2_square.png */; };
		82D95FD022CC41F1AF00B1F6 /* black_coffee_pic_3_square.png in Resources */ = {isa = PBXBuildFile; fileRef = 878C199D1F354916921AEFD9 /* black_coffee_pic_3_square.png */; };
		089FA7C3CDEE4D3C8D3F25CC /* cappuccino_pic_1_portrait.png in Resources */ = {isa = PBXBuildFile; fileRef = EA8D25B37F974D5488512345 /* cappuccino_pic_1_portrait.png */; };
		D9100DD484114F5D96D27F80 /* cappuccino_pic_2_portrait.png in Resources */ = {isa = PBXBuildFile; fileRef = 0F7104E6516A4EED9EB3094E /* cappuccino_pic_2_portrait.png */; };
		281487882B8F4A3683283E7B /* cappuccino_pic_3_portrait.png in Resources */ = {isa = PBXBuildFile; fileRef = 92CE8E0699F5403FA0885907 /* cappuccino_pic_3_portrait.png */; };
		BCF6B1D717C84E6A97807FEA /* cappuccino_pic_1_square.png in Resources */ = {isa = PBXBuildFile; fileRef = 6A9E0158293C4A0DB39F0C2F /* cappuccino_pic_1_square.png */; };
		3AE44750461C447A83E7F061 /* cappuccino_pic_2_square.png in Resources */ = {isa = PBXBuildFile; fileRef = D3F790E863734187BBE100C8 /* cappuccino_pic_2_square.png */; };
		9FAC3B27A6C44AFC9F66EDBE /* cappuccino_pic_3_square.png in Resources */ = {isa = PBXBuildFile; fileRef = A2B2889C92B14FA7BED8F315 /* cappuccino_pic_3_square.png */; };
		51D0A7699A494288A40ED3C8 /* espresso_pic_1_portrait.png in Resources */ = {isa = PBXBuildFile; fileRef = 43E91C219A9F4610ABBE9218 /* espresso_pic_1_portrait.png */; };
		F37CA8CB1B634E3AAD26AC57 /* espresso_pic_2_portrait.png in Resources */ = {isa = PBXBuildFile; fileRef = D15C791B2FFE4DEDA8424FD7 /* espresso_pic_2_portrait.png */; };
		72CA07C7ECBB413DA6945DBA /* espresso_pic_3_portrait.png in Resources */ = {isa = PBXBuildFile; fileRef = 838378FCB30E463A99A4D8F4 /* espresso_pic_3_portrait.png */; };
		CC5452B1E24944E3ACC4BB4F /* espresso_pic_1_square.png in Resources */ = {isa = PBXBuildFile; fileRef = AA2FD41BCE1A4D09B3F2D47E /* espresso_pic_1_square.png */; };
		D59BFCDB0CC24DF0AF898388 /* espresso_pic_2_square.png in Resources */ = {isa = PBXBuildFile; fileRef = 8AF07BBCCDD94110985F11F8 /* espresso_pic_2_square.png */; };
		095C9778A49746689A9C6039 /* espresso_pic_3_square.png in Resources */ = {isa = PBXBuildFile; fileRef = 27E54B7F5B97491CA5DA1F91 /* espresso_pic_3_square.png */; };
		020857E6F85B4BA4B431479E /* excelsa_coffee_beans_portrait.png in Resources */ = {isa = PBXBuildFile; fileRef = 57590C89CC7D4A8CA11ACFA7 /* excelsa_coffee_beans_portrait.png */; };
		74C2F1CC5B8D487A8CD3C4F9 /* excelsa_coffee_beans_square.png in Resources */ = {isa = PBXBuildFile; fileRef = B969B7F420524A2BA09297B7 /* excelsa_coffee_beans_square.png */; };
		D5860150A5E64E9DAB921B0B /* latte_pic_1_portrait.png in Resources */ = {isa = PBXBuildFile; fileRef = B9CD2B175D8C43D89C71167F /* latte_pic_1_portrait.png */; };
		AB255AE862DB4ED5B540AC80 /* latte_pic_2_portrait.png in Resources */ = {isa = PBXBuildFile; fileRef = 5BACB90BFACE48CD924D765D /* latte_pic_2_portrait.png */; };
		C5DBFB27B5EC478B85109CC1 /* latte_pic_3_portrait.png in Resources */ = {isa = PBXBuildFile; fileRef = 8EA1216E22724CE08D0EEB6E /* latte_pic_3_portrait.png */; };
		5717424443384AE9B3770810 /* latte_pic_1_square.png in Resources */ = {isa = PBXBuildFile; fileRef = 0267754A64C94BAF97BA0262 /* latte_pic_1_square.png */; };
		52F43B8891C640DFB84001FC /* latte_pic_2_square.png in Resources */ = {isa = PBXBuildFile; fileRef = 7E81ED6ED0EE431ABDE22739 /* latte_pic_2_square.png */; };
		EA0B530F3717459A8D9258A7 /* latte_pic_3_square.png in Resources */ = {isa = PBXBuildFile; fileRef = FB34FC35AE564403A7F04C4C /* latte_pic_3_square.png */; };
		57B9540113794FF9B62D9028 /* liberica_coffee_beans_portrait.png in Resources */ = {isa = PBXBuildFile; fileRef = 485C16FD51C944759D077A15 /* liberica_coffee_beans_portrait.png */; };
		02959FDF9205489B9A3B4F5B /* liberica_coffee_beans_square.png in Resources */ = {isa = PBXBuildFile; fileRef = D23745B7DCF944F4B7B79217 /* liberica_coffee_beans_square.png */; };
		AC2676E470A84A67895D94B7 /* macchiato_pic_1_portrait.png in Resources */ = {isa = PBXBuildFile; fileRef = 107755B8A09E414ABA78E503 /* macchiato_pic_1_portrait.png */; };
		1C3FDAC263714B44BC5205A5 /* macchiato_pic_2_portrait.png in Resources */ = {isa = PBXBuildFile; fileRef = 7371BDE6BB654597A97E18BF /* macchiato_pic_2_portrait.png */; };
		3DF33A77E614441389F59ACB /* macchiato_pic_3_portrait.png in Resources */ = {isa = PBXBuildFile; fileRef = F5A35E8FDCB24CAA98CFAA69 /* macchiato_pic_3_portrait.png */; };
		0F5E65502CB0438C90FC6EF1 /* macchiato_pic_1_square.png in Resources */ = {isa = PBXBuildFile; fileRef = C74A926968944F8BB1478B2B /* macchiato_pic_1_square.png */; };
		4114B323A7A04E2A9FAC60B5 /* macchiato_pic_2_square.png in Resources */ = {isa = PBXBuildFile; fileRef = 432BCA5101DE4B5385DBD7B6 /* macchiato_pic_2_square.png */; };
		B8170084C06E4263BD6A00DF /* macchiato_pic_3_square.png in Resources */ = {isa = PBXBuildFile; fileRef = 094BB9AED1634130B11D0B22 /* macchiato_pic_3_square.png */; };
		6F41BDE6EFAC46EC85F8C9EA /* robusta_coffee_beans_portrait.png in Resources */ = {isa = PBXBuildFile; fileRef = EC9BC219F9C540409D29E483 /* robusta_coffee_beans_portrait.png */; };
		4E6F5C536EB44D06888F0B7F /* robusta_coffee_beans_square.png in Resources */ = {isa = PBXBuildFile; fileRef = 350C311730E247F4B1C250A2 /* robusta_coffee_beans_square.png */; };
/* End PBXBuildFile section */

/* Begin PBXContainerItemProxy section */
		00E356F41AD99517003FC87E /* PBXContainerItemProxy */ = {
			isa = PBXContainerItemProxy;
			containerPortal = 83CBB9F71A601CBA00E9B192 /* Project object */;
			proxyType = 1;
			remoteGlobalIDString = 13B07F861A680F5B00A75B9A;
			remoteInfo = CoffeeApp;
		};
/* End PBXContainerItemProxy section */

/* Begin PBXFileReference section */
		00E356EE1AD99517003FC87E /* CoffeeAppTests.xctest */ = {isa = PBXFileReference; explicitFileType = wrapper.cfbundle; includeInIndex = 0; path = CoffeeAppTests.xctest; sourceTree = BUILT_PRODUCTS_DIR; };
		00E356F11AD99517003FC87E /* Info.plist */ = {isa = PBXFileReference; lastKnownFileType = text.plist.xml; path = Info.plist; sourceTree = "<group>"; };
		00E356F21AD99517003FC87E /* CoffeeAppTests.m */ = {isa = PBXFileReference; lastKnownFileType = sourcecode.c.objc; path = CoffeeAppTests.m; sourceTree = "<group>"; };
		13B07F961A680F5B00A75B9A /* CoffeeApp.app */ = {isa = PBXFileReference; explicitFileType = wrapper.application; includeInIndex = 0; path = CoffeeApp.app; sourceTree = BUILT_PRODUCTS_DIR; };
		13B07FAF1A68108700A75B9A /* AppDelegate.h */ = {isa = PBXFileReference; fileEncoding = 4; lastKnownFileType = sourcecode.c.h; name = AppDelegate.h; path = CoffeeApp/AppDelegate.h; sourceTree = "<group>"; };
		13B07FB01A68108700A75B9A /* AppDelegate.mm */ = {isa = PBXFileReference; fileEncoding = 4; lastKnownFileType = sourcecode.cpp.objcpp; name = AppDelegate.mm; path = CoffeeApp/AppDelegate.mm; sourceTree = "<group>"; };
		13B07FB51A68108700A75B9A /* Images.xcassets */ = {isa = PBXFileReference; lastKnownFileType = folder.assetcatalog; name = Images.xcassets; path = CoffeeApp/Images.xcassets; sourceTree = "<group>"; };
		13B07FB61A68108700A75B9A /* Info.plist */ = {isa = PBXFileReference; fileEncoding = 4; lastKnownFileType = text.plist.xml; name = Info.plist; path = CoffeeApp/Info.plist; sourceTree = "<group>"; };
		13B07FB71A68108700A75B9A /* main.m */ = {isa = PBXFileReference; fileEncoding = 4; lastKnownFileType = sourcecode.c.objc; name = main.m; path = CoffeeApp/main.m; sourceTree = "<group>"; };
		13B07FB81A68108700A75B9A /* PrivacyInfo.xcprivacy */ = {isa = PBXFileReference; fileEncoding = 4; lastKnownFileType = text.plist.xml; name = PrivacyInfo.xcprivacy; path = CoffeeApp/PrivacyInfo.xcprivacy; sourceTree = "<group>"; };
		19F6CBCC0A4E27FBF8BF4A61 /* libPods-CoffeeApp-CoffeeAppTests.a */ = {isa = PBXFileReference; explicitFileType = archive.ar; includeInIndex = 0; path = "libPods-CoffeeApp-CoffeeAppTests.a"; sourceTree = BUILT_PRODUCTS_DIR; };
		3B4392A12AC88292D35C810B /* Pods-CoffeeApp.debug.xcconfig */ = {isa = PBXFileReference; includeInIndex = 1; lastKnownFileType = text.xcconfig; name = "Pods-CoffeeApp.debug.xcconfig"; path = "Target Support Files/Pods-CoffeeApp/Pods-CoffeeApp.debug.xcconfig"; sourceTree = "<group>"; };
		5709B34CF0A7D63546082F79 /* Pods-CoffeeApp.release.xcconfig */ = {isa = PBXFileReference; includeInIndex = 1; lastKnownFileType = text.xcconfig; name = "Pods-CoffeeApp.release.xcconfig"; path = "Target Support Files/Pods-CoffeeApp/Pods-CoffeeApp.release.xcconfig"; sourceTree = "<group>"; };
		5B7EB9410499542E8C5724F5 /* Pods-CoffeeApp-CoffeeAppTests.debug.xcconfig */ = {isa = PBXFileReference; includeInIndex = 1; lastKnownFileType = text.xcconfig; name = "Pods-CoffeeApp-CoffeeAppTests.debug.xcconfig"; path = "Target Support Files/Pods-CoffeeApp-CoffeeAppTests/Pods-CoffeeApp-CoffeeAppTests.debug.xcconfig"; sourceTree = "<group>"; };
		5DCACB8F33CDC322A6C60F78 /* libPods-CoffeeApp.a */ = {isa = PBXFileReference; explicitFileType = archive.ar; includeInIndex = 0; path = "libPods-CoffeeApp.a"; sourceTree = BUILT_PRODUCTS_DIR; };
		81AB9BB72411601600AC10FF /* LaunchScreen.storyboard */ = {isa = PBXFileReference; fileEncoding = 4; lastKnownFileType = file.storyboard; name = LaunchScreen.storyboard; path = CoffeeApp/LaunchScreen.storyboard; sourceTree = "<group>"; };
		89C6BE57DB24E9ADA2F236DE /* Pods-CoffeeApp-CoffeeAppTests.release.xcconfig */ = {isa = PBXFileReference; includeInIndex = 1; lastKnownFileType = text.xcconfig; name = "Pods-CoffeeApp-CoffeeAppTests.release.xcconfig"; path = "Target Support Files/Pods-CoffeeApp-CoffeeAppTests/Pods-CoffeeApp-CoffeeAppTests.release.xcconfig"; sourceTree = "<group>"; };
		ED297162215061F000B7C4FE /* JavaScriptCore.framework */ = {isa = PBXFileReference; lastKnownFileType = wrapper.framework; name = JavaScriptCore.framework; path = System/Library/Frameworks/JavaScriptCore.framework; sourceTree = SDKROOT; };
		994C76A2DFA14E30B107DD3C /* app_icons.ttf */ = {isa = PBXFileReference; name = "app_icons.ttf"; path = "../src/assets/fonts/app_icons.ttf"; sourceTree = "<group>"; fileEncoding = undefined; lastKnownFileType = unknown; explicitFileType = undefined; includeInIndex = 0; };
		B36EFB80749A4679BF16C225 /* Poppins-Black.ttf */ = {isa = PBXFileReference; name = "Poppins-Black.ttf"; path = "../src/assets/fonts/Poppins-Black.ttf"; sourceTree = "<group>"; fileEncoding = undefined; lastKnownFileType = unknown; explicitFileType = undefined; includeInIndex = 0; };
		7767D88CEC2A48F8A6E77254 /* Poppins-Bold.ttf */ = {isa = PBXFileReference; name = "Poppins-Bold.ttf"; path = "../src/assets/fonts/Poppins-Bold.ttf"; sourceTree = "<group>"; fileEncoding = undefined; lastKnownFileType = unknown; explicitFileType = undefined; includeInIndex = 0; };
		B451A7209BEE4479B83EEA4D /* Poppins-ExtraBold.ttf */ = {isa = PBXFileReference; name = "Poppins-ExtraBold.ttf"; path = "../src/assets/fonts/Poppins-ExtraBold.ttf"; sourceTree = "<group>"; fileEncoding = undefined; lastKnownFileType = unknown; explicitFileType = undefined; includeInIndex = 0; };
		5DE4463C109B4D7DA3840215 /* Poppins-ExtraLight.ttf */ = {isa = PBXFileReference; name = "Poppins-ExtraLight.ttf"; path = "../src/assets/fonts/Poppins-ExtraLight.ttf"; sourceTree = "<group>"; fileEncoding = undefined; lastKnownFileType = unknown; explicitFileType = undefined; includeInIndex = 0; };
		EC7B069B6BD54B8C824B15F9 /* Poppins-Light.ttf */ = {isa = PBXFileReference; name = "Poppins-Light.ttf"; path = "../src/assets/fonts/Poppins-Light.ttf"; sourceTree = "<group>"; fileEncoding = undefined; lastKnownFileType = unknown; explicitFileType = undefined; includeInIndex = 0; };
		DC5ED696620147A582BADF28 /* Poppins-Medium.ttf */ = {isa = PBXFileReference; name = "Poppins-Medium.ttf"; path = "../src/assets/fonts/Poppins-Medium.ttf"; sourceTree = "<group>"; fileEncoding = undefined; lastKnownFileType = unknown; explicitFileType = undefined; includeInIndex = 0; };
		A51D2DBACF31458CAF876202 /* Poppins-Regular.ttf */ = {isa = PBXFileReference; name = "Poppins-Regular.ttf"; path = "../src/assets/fonts/Poppins-Regular.ttf"; sourceTree = "<group>"; fileEncoding = undefined; lastKnownFileType = unknown; explicitFileType = undefined; includeInIndex = 0; };
		D9ADFDC4F1914D339EDEF4D7 /* Poppins-SemiBold.ttf */ = {isa = PBXFileReference; name = "Poppins-SemiBold.ttf"; path = "../src/assets/fonts/Poppins-SemiBold.ttf"; sourceTree = "<group>"; fileEncoding = undefined; lastKnownFileType = unknown; explicitFileType = undefined; includeInIndex = 0; };
		3B585C965A6A42E1B86804C6 /* Poppins-Thin.ttf */ = {isa = PBXFileReference; name = "Poppins-Thin.ttf"; path = "../src/assets/fonts/Poppins-Thin.ttf"; sourceTree = "<group>"; fileEncoding = undefined; lastKnownFileType = unknown; explicitFileType = undefined; includeInIndex = 0; };
		A33804AB27504B3A9AA50F1F /* amazonpay.png */ = {isa = PBXFileReference; name = "amazonpay.png"; path = "../src/assets/app_images/amazonpay.png"; sourceTree = "<group>"; fileEncoding = undefined; lastKnownFileType = unknown; explicitFileType = undefined; includeInIndex = 0; };
		8C4BEF04625A497DBF8C13D2 /* applepay.png */ = {isa = PBXFileReference; name = "applepay.png"; path = "../src/assets/app_images/applepay.png"; sourceTree = "<group>"; fileEncoding = undefined; lastKnownFileType = unknown; explicitFileType = undefined; includeInIndex = 0; };
		A98E424C2DB74DB2A6BC02D0 /* avatar.png */ = {isa = PBXFileReference; name = "avatar.png"; path = "../src/assets/app_images/avatar.png"; sourceTree = "<group>"; fileEncoding = undefined; lastKnownFileType = unknown; explicitFileType = undefined; includeInIndex = 0; };
		490810C0CCA444F893FD8809 /* gpay.png */ = {isa = PBXFileReference; name = "gpay.png"; path = "../src/assets/app_images/gpay.png"; sourceTree = "<group>"; fileEncoding = undefined; lastKnownFileType = unknown; explicitFileType = undefined; includeInIndex = 0; };
		49F9655A4D8D4CCDB92EF991 /* americano_pic_1_portrait.png */ = {isa = PBXFileReference; name = "americano_pic_1_portrait.png"; path = "../src/assets/coffee_assets/americano/portrait/americano_pic_1_portrait.png"; sourceTree = "<group>"; fileEncoding = undefined; lastKnownFileType = unknown; explicitFileType = undefined; includeInIndex = 0; };
		A68C09D8FD4847B5AA296B1C /* americano_pic_2_portrait.png */ = {isa = PBXFileReference; name = "americano_pic_2_portrait.png"; path = "../src/assets/coffee_assets/americano/portrait/americano_pic_2_portrait.png"; sourceTree = "<group>"; fileEncoding = undefined; lastKnownFileType = unknown; explicitFileType = undefined; includeInIndex = 0; };
		B9FB3169B46140458551C48E /* americano_pic_3_portrait.png */ = {isa = PBXFileReference; name = "americano_pic_3_portrait.png"; path = "../src/assets/coffee_assets/americano/portrait/americano_pic_3_portrait.png"; sourceTree = "<group>"; fileEncoding = undefined; lastKnownFileType = unknown; explicitFileType = undefined; includeInIndex = 0; };
		7D128EB429F948309D4854A1 /* americano_pic_1_square.png */ = {isa = PBXFileReference; name = "americano_pic_1_square.png"; path = "../src/assets/coffee_assets/americano/square/americano_pic_1_square.png"; sourceTree = "<group>"; fileEncoding = undefined; lastKnownFileType = unknown; explicitFileType = undefined; includeInIndex = 0; };
		54B6F438B05943E689D311F0 /* americano_pic_2_square.png */ = {isa = PBXFileReference; name = "americano_pic_2_square.png"; path = "../src/assets/coffee_assets/americano/square/americano_pic_2_square.png"; sourceTree = "<group>"; fileEncoding = undefined; lastKnownFileType = unknown; explicitFileType = undefined; includeInIndex = 0; };
		49E91BDADBC74E268C9E5E0F /* americano_pic_3_square.png */ = {isa = PBXFileReference; name = "americano_pic_3_square.png"; path = "../src/assets/coffee_assets/americano/square/americano_pic_3_square.png"; sourceTree = "<group>"; fileEncoding = undefined; lastKnownFileType = unknown; explicitFileType = undefined; includeInIndex = 0; };
		41A42E3195F743B4BB82B819 /* arabica_coffee_beans_portrait.png */ = {isa = PBXFileReference; name = "arabica_coffee_beans_portrait.png"; path = "../src/assets/coffee_assets/arabica_coffee_beans/arabica_coffee_beans_portrait.png"; sourceTree = "<group>"; fileEncoding = undefined; lastKnownFileType = unknown; explicitFileType = undefined; includeInIndex = 0; };
		D5C2A68DA26C49649AE87831 /* arabica_coffee_beans_square.png */ = {isa = PBXFileReference; name = "arabica_coffee_beans_square.png"; path = "../src/assets/coffee_assets/arabica_coffee_beans/arabica_coffee_beans_square.png"; sourceTree = "<group>"; fileEncoding = undefined; lastKnownFileType = unknown; explicitFileType = undefined; includeInIndex = 0; };
		6DD53C5A1D414355956E6315 /* black_coffee_pic_1_portrait.png */ = {isa = PBXFileReference; name = "black_coffee_pic_1_portrait.png"; path = "../src/assets/coffee_assets/black_coffee/portrait/black_coffee_pic_1_portrait.png"; sourceTree = "<group>"; fileEncoding = undefined; lastKnownFileType = unknown; explicitFileType = undefined; includeInIndex = 0; };
		BDD822E93E2940A394CE9080 /* black_coffee_pic_2_portrait.png */ = {isa = PBXFileReference; name = "black_coffee_pic_2_portrait.png"; path = "../src/assets/coffee_assets/black_coffee/portrait/black_coffee_pic_2_portrait.png"; sourceTree = "<group>"; fileEncoding = undefined; lastKnownFileType = unknown; explicitFileType = undefined; includeInIndex = 0; };
		ACAEAE12244547AF973CF12B /* black_coffee_pic_3_portrait.png */ = {isa = PBXFileReference; name = "black_coffee_pic_3_portrait.png"; path = "../src/assets/coffee_assets/black_coffee/portrait/black_coffee_pic_3_portrait.png"; sourceTree = "<group>"; fileEncoding = undefined; lastKnownFileType = unknown; explicitFileType = undefined; includeInIndex = 0; };
		AEB8209950184AB5AD7DD9D1 /* black_coffee_pic_1_square.png */ = {isa = PBXFileReference; name = "black_coffee_pic_1_square.png"; path = "../src/assets/coffee_assets/black_coffee/square/black_coffee_pic_1_square.png"; sourceTree = "<group>"; fileEncoding = undefined; lastKnownFileType = unknown; explicitFileType = undefined; includeInIndex = 0; };
		8BE6B38F777146AFBE1B4E53 /* black_coffee_pic_2_square.png */ = {isa = PBXFileReference; name = "black_coffee_pic_2_square.png"; path = "../src/assets/coffee_assets/black_coffee/square/black_coffee_pic_2_square.png"; sourceTree = "<group>"; fileEncoding = undefined; lastKnownFileType = unknown; explicitFileType = undefined; includeInIndex = 0; };
		878C199D1F354916921AEFD9 /* black_coffee_pic_3_square.png */ = {isa = PBXFileReference; name = "black_coffee_pic_3_square.png"; path = "../src/assets/coffee_assets/black_coffee/square/black_coffee_pic_3_square.png"; sourceTree = "<group>"; fileEncoding = undefined; lastKnownFileType = unknown; explicitFileType = undefined; includeInIndex = 0; };
		EA8D25B37F974D5488512345 /* cappuccino_pic_1_portrait.png */ = {isa = PBXFileReference; name = "cappuccino_pic_1_portrait.png"; path = "../src/assets/coffee_assets/cappuccino/portrait/cappuccino_pic_1_portrait.png"; sourceTree = "<group>"; fileEncoding = undefined; lastKnownFileType = unknown; explicitFileType = undefined; includeInIndex = 0; };
		0F7104E6516A4EED9EB3094E /* cappuccino_pic_2_portrait.png */ = {isa = PBXFileReference; name = "cappuccino_pic_2_portrait.png"; path = "../src/assets/coffee_assets/cappuccino/portrait/cappuccino_pic_2_portrait.png"; sourceTree = "<group>"; fileEncoding = undefined; lastKnownFileType = unknown; explicitFileType = undefined; includeInIndex = 0; };
		92CE8E0699F5403FA0885907 /* cappuccino_pic_3_portrait.png */ = {isa = PBXFileReference; name = "cappuccino_pic_3_portrait.png"; path = "../src/assets/coffee_assets/cappuccino/portrait/cappuccino_pic_3_portrait.png"; sourceTree = "<group>"; fileEncoding = undefined; lastKnownFileType = unknown; explicitFileType = undefined; includeInIndex = 0; };
		6A9E0158293C4A0DB39F0C2F /* cappuccino_pic_1_square.png */ = {isa = PBXFileReference; name = "cappuccino_pic_1_square.png"; path = "../src/assets/coffee_assets/cappuccino/square/cappuccino_pic_1_square.png"; sourceTree = "<group>"; fileEncoding = undefined; lastKnownFileType = unknown; explicitFileType = undefined; includeInIndex = 0; };
		D3F790E863734187BBE100C8 /* cappuccino_pic_2_square.png */ = {isa = PBXFileReference; name = "cappuccino_pic_2_square.png"; path = "../src/assets/coffee_assets/cappuccino/square/cappuccino_pic_2_square.png"; sourceTree = "<group>"; fileEncoding = undefined; lastKnownFileType = unknown; explicitFileType = undefined; includeInIndex = 0; };
		A2B2889C92B14FA7BED8F315 /* cappuccino_pic_3_square.png */ = {isa = PBXFileReference; name = "cappuccino_pic_3_square.png"; path = "../src/assets/coffee_assets/cappuccino/square/cappuccino_pic_3_square.png"; sourceTree = "<group>"; fileEncoding = undefined; lastKnownFileType = unknown; explicitFileType = undefined; includeInIndex = 0; };
		43E91C219A9F4610ABBE9218 /* espresso_pic_1_portrait.png */ = {isa = PBXFileReference; name = "espresso_pic_1_portrait.png"; path = "../src/assets/coffee_assets/espresso/portrait/espresso_pic_1_portrait.png"; sourceTree = "<group>"; fileEncoding = undefined; lastKnownFileType = unknown; explicitFileType = undefined; includeInIndex = 0; };
		D15C791B2FFE4DEDA8424FD7 /* espresso_pic_2_portrait.png */ = {isa = PBXFileReference; name = "espresso_pic_2_portrait.png"; path = "../src/assets/coffee_assets/espresso/portrait/espresso_pic_2_portrait.png"; sourceTree = "<group>"; fileEncoding = undefined; lastKnownFileType = unknown; explicitFileType = undefined; includeInIndex = 0; };
		838378FCB30E463A99A4D8F4 /* espresso_pic_3_portrait.png */ = {isa = PBXFileReference; name = "espresso_pic_3_portrait.png"; path = "../src/assets/coffee_assets/espresso/portrait/espresso_pic_3_portrait.png"; sourceTree = "<group>"; fileEncoding = undefined; lastKnownFileType = unknown; explicitFileType = undefined; includeInIndex = 0; };
		AA2FD41BCE1A4D09B3F2D47E /* espresso_pic_1_square.png */ = {isa = PBXFileReference; name = "espresso_pic_1_square.png"; path = "../src/assets/coffee_assets/espresso/square/espresso_pic_1_square.png"; sourceTree = "<group>"; fileEncoding = undefined; lastKnownFileType = unknown; explicitFileType = undefined; includeInIndex = 0; };
		8AF07BBCCDD94110985F11F8 /* espresso_pic_2_square.png */ = {isa = PBXFileReference; name = "espresso_pic_2_square.png"; path = "../src/assets/coffee_assets/espresso/square/espresso_pic_2_square.png"; sourceTree = "<group>"; fileEncoding = undefined; lastKnownFileType = unknown; explicitFileType = undefined; includeInIndex = 0; };
		27E54B7F5B97491CA5DA1F91 /* espresso_pic_3_square.png */ = {isa = PBXFileReference; name = "espresso_pic_3_square.png"; path = "../src/assets/coffee_assets/espresso/square/espresso_pic_3_square.png"; sourceTree = "<group>"; fileEncoding = undefined; lastKnownFileType = unknown; explicitFileType = undefined; includeInIndex = 0; };
		57590C89CC7D4A8CA11ACFA7 /* excelsa_coffee_beans_portrait.png */ = {isa = PBXFileReference; name = "excelsa_coffee_beans_portrait.png"; path = "../src/assets/coffee_assets/excelsa_coffee_beans/excelsa_coffee_beans_portrait.png"; sourceTree = "<group>"; fileEncoding = undefined; lastKnownFileType = unknown; explicitFileType = undefined; includeInIndex = 0; };
		B969B7F420524A2BA09297B7 /* excelsa_coffee_beans_square.png */ = {isa = PBXFileReference; name = "excelsa_coffee_beans_square.png"; path = "../src/assets/coffee_assets/excelsa_coffee_beans/excelsa_coffee_beans_square.png"; sourceTree = "<group>"; fileEncoding = undefined; lastKnownFileType = unknown; explicitFileType = undefined; includeInIndex = 0; };
		B9CD2B175D8C43D89C71167F /* latte_pic_1_portrait.png */ = {isa = PBXFileReference; name = "latte_pic_1_portrait.png"; path = "../src/assets/coffee_assets/latte/portrait/latte_pic_1_portrait.png"; sourceTree = "<group>"; fileEncoding = undefined; lastKnownFileType = unknown; explicitFileType = undefined; includeInIndex = 0; };
		5BACB90BFACE48CD924D765D /* latte_pic_2_portrait.png */ = {isa = PBXFileReference; name = "latte_pic_2_portrait.png"; path = "../src/assets/coffee_assets/latte/portrait/latte_pic_2_portrait.png"; sourceTree = "<group>"; fileEncoding = undefined; lastKnownFileType = unknown; explicitFileType = undefined; includeInIndex = 0; };
		8EA1216E22724CE08D0EEB6E /* latte_pic_3_portrait.png */ = {isa = PBXFileReference; name = "latte_pic_3_portrait.png"; path = "../src/assets/coffee_assets/latte/portrait/latte_pic_3_portrait.png"; sourceTree = "<group>"; fileEncoding = undefined; lastKnownFileType = unknown; explicitFileType = undefined; includeInIndex = 0; };
		0267754A64C94BAF97BA0262 /* latte_pic_1_square.png */ = {isa = PBXFileReference; name = "latte_pic_1_square.png"; path = "../src/assets/coffee_assets/latte/square/latte_pic_1_square.png"; sourceTree = "<group>"; fileEncoding = undefined; lastKnownFileType = unknown; explicitFileType = undefined; includeInIndex = 0; };
		7E81ED6ED0EE431ABDE22739 /* latte_pic_2_square.png */ = {isa = PBXFileReference; name = "latte_pic_2_square.png"; path = "../src/assets/coffee_assets/latte/square/latte_pic_2_square.png"; sourceTree = "<group>"; fileEncoding = undefined; lastKnownFileType = unknown; explicitFileType = undefined; includeInIndex = 0; };
		FB34FC35AE564403A7F04C4C /* latte_pic_3_square.png */ = {isa = PBXFileReference; name = "latte_pic_3_square.png"; path = "../src/assets/coffee_assets/latte/square/latte_pic_3_square.png"; sourceTree = "<group>"; fileEncoding = undefined; lastKnownFileType = unknown; explicitFileType = undefined; includeInIndex = 0; };
		485C16FD51C944759D077A15 /* liberica_coffee_beans_portrait.png */ = {isa = PBXFileReference; name = "liberica_coffee_beans_portrait.png"; path = "../src/assets/coffee_assets/liberica_coffee_beans/liberica_coffee_beans_portrait.png"; sourceTree = "<group>"; fileEncoding = undefined; lastKnownFileType = unknown; explicitFileType = undefined; includeInIndex = 0; };
		D23745B7DCF944F4B7B79217 /* liberica_coffee_beans_square.png */ = {isa = PBXFileReference; name = "liberica_coffee_beans_square.png"; path = "../src/assets/coffee_assets/liberica_coffee_beans/liberica_coffee_beans_square.png"; sourceTree = "<group>"; fileEncoding = undefined; lastKnownFileType = unknown; explicitFileType = undefined; includeInIndex = 0; };
		107755B8A09E414ABA78E503 /* macchiato_pic_1_portrait.png */ = {isa = PBXFileReference; name = "macchiato_pic_1_portrait.png"; path = "../src/assets/coffee_assets/macchiato/portrait/macchiato_pic_1_portrait.png"; sourceTree = "<group>"; fileEncoding = undefined; lastKnownFileType = unknown; explicitFileType = undefined; includeInIndex = 0; };
		7371BDE6BB654597A97E18BF /* macchiato_pic_2_portrait.png */ = {isa = PBXFileReference; name = "macchiato_pic_2_portrait.png"; path = "../src/assets/coffee_assets/macchiato/portrait/macchiato_pic_2_portrait.png"; sourceTree = "<group>"; fileEncoding = undefined; lastKnownFileType = unknown; explicitFileType = undefined; includeInIndex = 0; };
		F5A35E8FDCB24CAA98CFAA69 /* macchiato_pic_3_portrait.png */ = {isa = PBXFileReference; name = "macchiato_pic_3_portrait.png"; path = "../src/assets/coffee_assets/macchiato/portrait/macchiato_pic_3_portrait.png"; sourceTree = "<group>"; fileEncoding = undefined; lastKnownFileType = unknown; explicitFileType = undefined; includeInIndex = 0; };
		C74A926968944F8BB1478B2B /* macchiato_pic_1_square.png */ = {isa = PBXFileReference; name = "macchiato_pic_1_square.png"; path = "../src/assets/coffee_assets/macchiato/square/macchiato_pic_1_square.png"; sourceTree = "<group>"; fileEncoding = undefined; lastKnownFileType = unknown; explicitFileType = undefined; includeInIndex = 0; };
		432BCA5101DE4B5385DBD7B6 /* macchiato_pic_2_square.png */ = {isa = PBXFileReference; name = "macchiato_pic_2_square.png"; path = "../src/assets/coffee_assets/macchiato/square/macchiato_pic_2_square.png"; sourceTree = "<group>"; fileEncoding = undefined; lastKnownFileType = unknown; explicitFileType = undefined; includeInIndex = 0; };
		094BB9AED1634130B11D0B22 /* macchiato_pic_3_square.png */ = {isa = PBXFileReference; name = "macchiato_pic_3_square.png"; path = "../src/assets/coffee_assets/macchiato/square/macchiato_pic_3_square.png"; sourceTree = "<group>"; fileEncoding = undefined; lastKnownFileType = unknown; explicitFileType = undefined; includeInIndex = 0; };
		EC9BC219F9C540409D29E483 /* robusta_coffee_beans_portrait.png */ = {isa = PBXFileReference; name = "robusta_coffee_beans_portrait.png"; path = "../src/assets/coffee_assets/robusta_coffee_beans/robusta_coffee_beans_portrait.png"; sourceTree = "<group>"; fileEncoding = undefined; lastKnownFileType = unknown; explicitFileType = undefined; includeInIndex = 0; };
		350C311730E247F4B1C250A2 /* robusta_coffee_beans_square.png */ = {isa = PBXFileReference; name = "robusta_coffee_beans_square.png"; path = "../src/assets/coffee_assets/robusta_coffee_beans/robusta_coffee_beans_square.png"; sourceTree = "<group>"; fileEncoding = undefined; lastKnownFileType = unknown; explicitFileType = undefined; includeInIndex = 0; };
/* End PBXFileReference section */

/* Begin PBXFrameworksBuildPhase section */
		00E356EB1AD99517003FC87E /* Frameworks */ = {
			isa = PBXFrameworksBuildPhase;
			buildActionMask = 2147483647;
			files = (
				7699B88040F8A987B510C191 /* libPods-CoffeeApp-CoffeeAppTests.a in Frameworks */,
			);
			runOnlyForDeploymentPostprocessing = 0;
		};
		13B07F8C1A680F5B00A75B9A /* Frameworks */ = {
			isa = PBXFrameworksBuildPhase;
			buildActionMask = 2147483647;
			files = (
				0C80B921A6F3F58F76C31292 /* libPods-CoffeeApp.a in Frameworks */,
			);
			runOnlyForDeploymentPostprocessing = 0;
		};
/* End PBXFrameworksBuildPhase section */

/* Begin PBXGroup section */
		00E356EF1AD99517003FC87E /* CoffeeAppTests */ = {
			isa = PBXGroup;
			children = (
				00E356F21AD99517003FC87E /* CoffeeAppTests.m */,
				00E356F01AD99517003FC87E /* Supporting Files */,
			);
			path = CoffeeAppTests;
			sourceTree = "<group>";
		};
		00E356F01AD99517003FC87E /* Supporting Files */ = {
			isa = PBXGroup;
			children = (
				00E356F11AD99517003FC87E /* Info.plist */,
			);
			name = "Supporting Files";
			sourceTree = "<group>";
		};
		13B07FAE1A68108700A75B9A /* CoffeeApp */ = {
			isa = PBXGroup;
			children = (
				13B07FAF1A68108700A75B9A /* AppDelegate.h */,
				13B07FB01A68108700A75B9A /* AppDelegate.mm */,
				13B07FB51A68108700A75B9A /* Images.xcassets */,
				13B07FB61A68108700A75B9A /* Info.plist */,
				81AB9BB72411601600AC10FF /* LaunchScreen.storyboard */,
				13B07FB71A68108700A75B9A /* main.m */,
				13B07FB81A68108700A75B9A /* PrivacyInfo.xcprivacy */,
			);
			name = CoffeeApp;
			sourceTree = "<group>";
		};
		2D16E6871FA4F8E400B85C8A /* Frameworks */ = {
			isa = PBXGroup;
			children = (
				ED297162215061F000B7C4FE /* JavaScriptCore.framework */,
				5DCACB8F33CDC322A6C60F78 /* libPods-CoffeeApp.a */,
				19F6CBCC0A4E27FBF8BF4A61 /* libPods-CoffeeApp-CoffeeAppTests.a */,
			);
			name = Frameworks;
			sourceTree = "<group>";
		};
		832341AE1AAA6A7D00B99B32 /* Libraries */ = {
			isa = PBXGroup;
			children = (
			);
			name = Libraries;
			sourceTree = "<group>";
		};
		83CBB9F61A601CBA00E9B192 = {
			isa = PBXGroup;
			children = (
				13B07FAE1A68108700A75B9A /* CoffeeApp */,
				832341AE1AAA6A7D00B99B32 /* Libraries */,
				00E356EF1AD99517003FC87E /* CoffeeAppTests */,
				83CBBA001A601CBA00E9B192 /* Products */,
				2D16E6871FA4F8E400B85C8A /* Frameworks */,
				BBD78D7AC51CEA395F1C20DB /* Pods */,
				6E0610DBE07849CDACFEC923 /* Resources */,
			);
			indentWidth = 2;
			sourceTree = "<group>";
			tabWidth = 2;
			usesTabs = 0;
		};
		83CBBA001A601CBA00E9B192 /* Products */ = {
			isa = PBXGroup;
			children = (
				13B07F961A680F5B00A75B9A /* CoffeeApp.app */,
				00E356EE1AD99517003FC87E /* CoffeeAppTests.xctest */,
			);
			name = Products;
			sourceTree = "<group>";
		};
		BBD78D7AC51CEA395F1C20DB /* Pods */ = {
			isa = PBXGroup;
			children = (
				3B4392A12AC88292D35C810B /* Pods-CoffeeApp.debug.xcconfig */,
				5709B34CF0A7D63546082F79 /* Pods-CoffeeApp.release.xcconfig */,
				5B7EB9410499542E8C5724F5 /* Pods-CoffeeApp-CoffeeAppTests.debug.xcconfig */,
				89C6BE57DB24E9ADA2F236DE /* Pods-CoffeeApp-CoffeeAppTests.release.xcconfig */,
			);
			path = Pods;
			sourceTree = "<group>";
		};
		6E0610DBE07849CDACFEC923 /* Resources */ = {
			isa = "PBXGroup";
			children = (
				994C76A2DFA14E30B107DD3C /* app_icons.ttf */,
				B36EFB80749A4679BF16C225 /* Poppins-Black.ttf */,
				7767D88CEC2A48F8A6E77254 /* Poppins-Bold.ttf */,
				B451A7209BEE4479B83EEA4D /* Poppins-ExtraBold.ttf */,
				5DE4463C109B4D7DA3840215 /* Poppins-ExtraLight.ttf */,
				EC7B069B6BD54B8C824B15F9 /* Poppins-Light.ttf */,
				DC5ED696620147A582BADF28 /* Poppins-Medium.ttf */,
				A51D2DBACF31458CAF876202 /* Poppins-Regular.ttf */,
				D9ADFDC4F1914D339EDEF4D7 /* Poppins-SemiBold.ttf */,
				3B585C965A6A42E1B86804C6 /* Poppins-Thin.ttf */,
				A33804AB27504B3A9AA50F1F /* amazonpay.png */,
				8C4BEF04625A497DBF8C13D2 /* applepay.png */,
				A98E424C2DB74DB2A6BC02D0 /* avatar.png */,
				490810C0CCA444F893FD8809 /* gpay.png */,
				49F9655A4D8D4CCDB92EF991 /* americano_pic_1_portrait.png */,
				A68C09D8FD4847B5AA296B1C /* americano_pic_2_portrait.png */,
				B9FB3169B46140458551C48E /* americano_pic_3_portrait.png */,
				7D128EB429F948309D4854A1 /* americano_pic_1_square.png */,
				54B6F438B05943E689D311F0 /* americano_pic_2_square.png */,
				49E91BDADBC74E268C9E5E0F /* americano_pic_3_square.png */,
				41A42E3195F743B4BB82B819 /* arabica_coffee_beans_portrait.png */,
				D5C2A68DA26C49649AE87831 /* arabica_coffee_beans_square.png */,
				6DD53C5A1D414355956E6315 /* black_coffee_pic_1_portrait.png */,
				BDD822E93E2940A394CE9080 /* black_coffee_pic_2_portrait.png */,
				ACAEAE12244547AF973CF12B /* black_coffee_pic_3_portrait.png */,
				AEB8209950184AB5AD7DD9D1 /* black_coffee_pic_1_square.png */,
				8BE6B38F777146AFBE1B4E53 /* black_coffee_pic_2_square.png */,
				878C199D1F354916921AEFD9 /* black_coffee_pic_3_square.png */,
				EA8D25B37F974D5488512345 /* cappuccino_pic_1_portrait.png */,
				0F7104E6516A4EED9EB3094E /* cappuccino_pic_2_portrait.png */,
				92CE8E0699F5403FA0885907 /* cappuccino_pic_3_portrait.png */,
				6A9E0158293C4A0DB39F0C2F /* cappuccino_pic_1_square.png */,
				D3F790E863734187BBE100C8 /* cappuccino_pic_2_square.png */,
				A2B2889C92B14FA7BED8F315 /* cappuccino_pic_3_square.png */,
				43E91C219A9F4610ABBE9218 /* espresso_pic_1_portrait.png */,
				D15C791B2FFE4DEDA8424FD7 /* espresso_pic_2_portrait.png */,
				838378FCB30E463A99A4D8F4 /* espresso_pic_3_portrait.png */,
				AA2FD41BCE1A4D09B3F2D47E /* espresso_pic_1_square.png */,
				8AF07BBCCDD94110985F11F8 /* espresso_pic_2_square.png */,
				27E54B7F5B97491CA5DA1F91 /* espresso_pic_3_square.png */,
				57590C89CC7D4A8CA11ACFA7 /* excelsa_coffee_beans_portrait.png */,
				B969B7F420524A2BA09297B7 /* excelsa_coffee_beans_square.png */,
				B9CD2B175D8C43D89C71167F /* latte_pic_1_portrait.png */,
				5BACB90BFACE48CD924D765D /* latte_pic_2_portrait.png */,
				8EA1216E22724CE08D0EEB6E /* latte_pic_3_portrait.png */,
				0267754A64C94BAF97BA0262 /* latte_pic_1_square.png */,
				7E81ED6ED0EE431ABDE22739 /* latte_pic_2_square.png */,
				FB34FC35AE564403A7F04C4C /* latte_pic_3_square.png */,
				485C16FD51C944759D077A15 /* liberica_coffee_beans_portrait.png */,
				D23745B7DCF944F4B7B79217 /* liberica_coffee_beans_square.png */,
				107755B8A09E414ABA78E503 /* macchiato_pic_1_portrait.png */,
				7371BDE6BB654597A97E18BF /* macchiato_pic_2_portrait.png */,
				F5A35E8FDCB24CAA98CFAA69 /* macchiato_pic_3_portrait.png */,
				C74A926968944F8BB1478B2B /* macchiato_pic_1_square.png */,
				432BCA5101DE4B5385DBD7B6 /* macchiato_pic_2_square.png */,
				094BB9AED1634130B11D0B22 /* macchiato_pic_3_square.png */,
				EC9BC219F9C540409D29E483 /* robusta_coffee_beans_portrait.png */,
				350C311730E247F4B1C250A2 /* robusta_coffee_beans_square.png */,
			);
			name = Resources;
			sourceTree = "<group>";
			path = "";
		};
/* End PBXGroup section */

/* Begin PBXNativeTarget section */
		00E356ED1AD99517003FC87E /* CoffeeAppTests */ = {
			isa = PBXNativeTarget;
			buildConfigurationList = 00E357021AD99517003FC87E /* Build configuration list for PBXNativeTarget "CoffeeAppTests" */;
			buildPhases = (
				A55EABD7B0C7F3A422A6CC61 /* [CP] Check Pods Manifest.lock */,
				00E356EA1AD99517003FC87E /* Sources */,
				00E356EB1AD99517003FC87E /* Frameworks */,
				00E356EC1AD99517003FC87E /* Resources */,
				C59DA0FBD6956966B86A3779 /* [CP] Embed Pods Frameworks */,
				F6A41C54EA430FDDC6A6ED99 /* [CP] Copy Pods Resources */,
			);
			buildRules = (
			);
			dependencies = (
				00E356F51AD99517003FC87E /* PBXTargetDependency */,
			);
			name = CoffeeAppTests;
			productName = CoffeeAppTests;
			productReference = 00E356EE1AD99517003FC87E /* CoffeeAppTests.xctest */;
			productType = "com.apple.product-type.bundle.unit-test";
		};
		13B07F861A680F5B00A75B9A /* CoffeeApp */ = {
			isa = PBXNativeTarget;
			buildConfigurationList = 13B07F931A680F5B00A75B9A /* Build configuration list for PBXNativeTarget "CoffeeApp" */;
			buildPhases = (
				C38B50BA6285516D6DCD4F65 /* [CP] Check Pods Manifest.lock */,
				13B07F871A680F5B00A75B9A /* Sources */,
				13B07F8C1A680F5B00A75B9A /* Frameworks */,
				13B07F8E1A680F5B00A75B9A /* Resources */,
				00DD1BFF1BD5951E006B06BC /* Bundle React Native code and images */,
				00EEFC60759A1932668264C0 /* [CP] Embed Pods Frameworks */,
				E235C05ADACE081382539298 /* [CP] Copy Pods Resources */,
			);
			buildRules = (
			);
			dependencies = (
			);
			name = CoffeeApp;
			productName = CoffeeApp;
			productReference = 13B07F961A680F5B00A75B9A /* CoffeeApp.app */;
			productType = "com.apple.product-type.application";
		};
/* End PBXNativeTarget section */

/* Begin PBXProject section */
		83CBB9F71A601CBA00E9B192 /* Project object */ = {
			isa = PBXProject;
			attributes = {
				LastUpgradeCheck = 1210;
				TargetAttributes = {
					00E356ED1AD99517003FC87E = {
						CreatedOnToolsVersion = 6.2;
						TestTargetID = 13B07F861A680F5B00A75B9A;
					};
					13B07F861A680F5B00A75B9A = {
						LastSwiftMigration = 1120;
					};
				};
			};
			buildConfigurationList = 83CBB9FA1A601CBA00E9B192 /* Build configuration list for PBXProject "CoffeeApp" */;
			compatibilityVersion = "Xcode 12.0";
			developmentRegion = en;
			hasScannedForEncodings = 0;
			knownRegions = (
				en,
				Base,
			);
			mainGroup = 83CBB9F61A601CBA00E9B192;
			productRefGroup = 83CBBA001A601CBA00E9B192 /* Products */;
			projectDirPath = "";
			projectRoot = "";
			targets = (
				13B07F861A680F5B00A75B9A /* CoffeeApp */,
				00E356ED1AD99517003FC87E /* CoffeeAppTests */,
			);
		};
/* End PBXProject section */

/* Begin PBXResourcesBuildPhase section */
		00E356EC1AD99517003FC87E /* Resources */ = {
			isa = PBXResourcesBuildPhase;
			buildActionMask = 2147483647;
			files = (
			);
			runOnlyForDeploymentPostprocessing = 0;
		};
		13B07F8E1A680F5B00A75B9A /* Resources */ = {
			isa = PBXResourcesBuildPhase;
			buildActionMask = 2147483647;
			files = (
				81AB9BB82411601600AC10FF /* LaunchScreen.storyboard in Resources */,
				13B07FBF1A68108700A75B9A /* Images.xcassets in Resources */,
				6FD01EA3D98F4A6C97A64327 /* app_icons.ttf in Resources */,
				C86452D5F48A4EF48AE235CF /* Poppins-Black.ttf in Resources */,
				9E3A613DDF144918A8417E79 /* Poppins-Bold.ttf in Resources */,
				681F467DB20E47B2B3A43AE1 /* Poppins-ExtraBold.ttf in Resources */,
				9208E57944044A1AA31DD1B9 /* Poppins-ExtraLight.ttf in Resources */,
				12DFD61DC25A489499AC269B /* Poppins-Light.ttf in Resources */,
				B4956DA4A4384A87B897E67D /* Poppins-Medium.ttf in Resources */,
				32C6201623FB47C39D8E903E /* Poppins-Regular.ttf in Resources */,
				3473CDB313F949379D654F5F /* Poppins-SemiBold.ttf in Resources */,
				B68CD80448CF47318326E672 /* Poppins-Thin.ttf in Resources */,
				2F4452BFFD9342DABE7DC0BF /* amazonpay.png in Resources */,
				E0DC41369EEE4A459EE712EC /* applepay.png in Resources */,
				188E0324B6D94E5BAF78909E /* avatar.png in Resources */,
				ED1AB55C055B4C8A86FEC538 /* gpay.png in Resources */,
				78BA2A1A945648919620F8A2 /* americano_pic_1_portrait.png in Resources */,
				96AE1B16172B4B1897E2B6C1 /* americano_pic_2_portrait.png in Resources */,
				A0AB08B8D07946F7A59A6CBA /* americano_pic_3_portrait.png in Resources */,
				876197E91CF44ADA92EEEC62 /* americano_pic_1_square.png in Resources */,
				48B18DAE3C0C41548BE50FBD /* americano_pic_2_square.png in Resources */,
				ADBE6AE06CE546BAB876AB50 /* americano_pic_3_square.png in Resources */,
				E7139ED59EBD4576BF9ED51F /* arabica_coffee_beans_portrait.png in Resources */,
				A1474D97F7474BC6BD286B35 /* arabica_coffee_beans_square.png in Resources */,
				0649E40A24474900B9943359 /* black_coffee_pic_1_portrait.png in Resources */,
				2103183B13D34727A270872A /* black_coffee_pic_2_portrait.png in Resources */,
				4EAAE53E76E5489AA9597B54 /* black_coffee_pic_3_portrait.png in Resources */,
				151E56F37B9C4593B7CFE7AA /* black_coffee_pic_1_square.png in Resources */,
				EB810A134CEF4AD38940C489 /* black_coffee_pic_2_square.png in Resources */,
				82D95FD022CC41F1AF00B1F6 /* black_coffee_pic_3_square.png in Resources */,
				089FA7C3CDEE4D3C8D3F25CC /* cappuccino_pic_1_portrait.png in Resources */,
				D9100DD484114F5D96D27F80 /* cappuccino_pic_2_portrait.png in Resources */,
				281487882B8F4A3683283E7B /* cappuccino_pic_3_portrait.png in Resources */,
				BCF6B1D717C84E6A97807FEA /* cappuccino_pic_1_square.png in Resources */,
				3AE44750461C447A83E7F061 /* cappuccino_pic_2_square.png in Resources */,
				9FAC3B27A6C44AFC9F66EDBE /* cappuccino_pic_3_square.png in Resources */,
				51D0A7699A494288A40ED3C8 /* espresso_pic_1_portrait.png in Resources */,
				F37CA8CB1B634E3AAD26AC57 /* espresso_pic_2_portrait.png in Resources */,
				72CA07C7ECBB413DA6945DBA /* espresso_pic_3_portrait.png in Resources */,
				CC5452B1E24944E3ACC4BB4F /* espresso_pic_1_square.png in Resources */,
				D59BFCDB0CC24DF0AF898388 /* espresso_pic_2_square.png in Resources */,
				095C9778A49746689A9C6039 /* espresso_pic_3_square.png in Resources */,
				020857E6F85B4BA4B431479E /* excelsa_coffee_beans_portrait.png in Resources */,
				74C2F1CC5B8D487A8CD3C4F9 /* excelsa_coffee_beans_square.png in Resources */,
				D5860150A5E64E9DAB921B0B /* latte_pic_1_portrait.png in Resources */,
				AB255AE862DB4ED5B540AC80 /* latte_pic_2_portrait.png in Resources */,
				C5DBFB27B5EC478B85109CC1 /* latte_pic_3_portrait.png in Resources */,
				5717424443384AE9B3770810 /* latte_pic_1_square.png in Resources */,
				52F43B8891C640DFB84001FC /* latte_pic_2_square.png in Resources */,
				EA0B530F3717459A8D9258A7 /* latte_pic_3_square.png in Resources */,
				57B9540113794FF9B62D9028 /* liberica_coffee_beans_portrait.png in Resources */,
				02959FDF9205489B9A3B4F5B /* liberica_coffee_beans_square.png in Resources */,
				AC2676E470A84A67895D94B7 /* macchiato_pic_1_portrait.png in Resources */,
				1C3FDAC263714B44BC5205A5 /* macchiato_pic_2_portrait.png in Resources */,
				3DF33A77E614441389F59ACB /* macchiato_pic_3_portrait.png in Resources */,
				0F5E65502CB0438C90FC6EF1 /* macchiato_pic_1_square.png in Resources */,
				4114B323A7A04E2A9FAC60B5 /* macchiato_pic_2_square.png in Resources */,
				B8170084C06E4263BD6A00DF /* macchiato_pic_3_square.png in Resources */,
				6F41BDE6EFAC46EC85F8C9EA /* robusta_coffee_beans_portrait.png in Resources */,
				4E6F5C536EB44D06888F0B7F /* robusta_coffee_beans_square.png in Resources */,
			);
			runOnlyForDeploymentPostprocessing = 0;
		};
/* End PBXResourcesBuildPhase section */

/* Begin PBXShellScriptBuildPhase section */
		00DD1BFF1BD5951E006B06BC /* Bundle React Native code and images */ = {
			isa = PBXShellScriptBuildPhase;
			buildActionMask = 2147483647;
			files = (
			);
			inputPaths = (
				"$(SRCROOT)/.xcode.env.local",
				"$(SRCROOT)/.xcode.env",
			);
			name = "Bundle React Native code and images";
			outputPaths = (
			);
			runOnlyForDeploymentPostprocessing = 0;
			shellPath = /bin/sh;
			shellScript = "set -e\n\nWITH_ENVIRONMENT=\"$REACT_NATIVE_PATH/scripts/xcode/with-environment.sh\"\nREACT_NATIVE_XCODE=\"$REACT_NATIVE_PATH/scripts/react-native-xcode.sh\"\n\n/bin/sh -c \"$WITH_ENVIRONMENT $REACT_NATIVE_XCODE\"\n";
		};
		00EEFC60759A1932668264C0 /* [CP] Embed Pods Frameworks */ = {
			isa = PBXShellScriptBuildPhase;
			buildActionMask = 2147483647;
			files = (
			);
			inputFileListPaths = (
				"${PODS_ROOT}/Target Support Files/Pods-CoffeeApp/Pods-CoffeeApp-frameworks-${CONFIGURATION}-input-files.xcfilelist",
			);
			name = "[CP] Embed Pods Frameworks";
			outputFileListPaths = (
				"${PODS_ROOT}/Target Support Files/Pods-CoffeeApp/Pods-CoffeeApp-frameworks-${CONFIGURATION}-output-files.xcfilelist",
			);
			runOnlyForDeploymentPostprocessing = 0;
			shellPath = /bin/sh;
			shellScript = "\"${PODS_ROOT}/Target Support Files/Pods-CoffeeApp/Pods-CoffeeApp-frameworks.sh\"\n";
			showEnvVarsInLog = 0;
		};
		A55EABD7B0C7F3A422A6CC61 /* [CP] Check Pods Manifest.lock */ = {
			isa = PBXShellScriptBuildPhase;
			buildActionMask = 2147483647;
			files = (
			);
			inputFileListPaths = (
			);
			inputPaths = (
				"${PODS_PODFILE_DIR_PATH}/Podfile.lock",
				"${PODS_ROOT}/Manifest.lock",
			);
			name = "[CP] Check Pods Manifest.lock";
			outputFileListPaths = (
			);
			outputPaths = (
				"$(DERIVED_FILE_DIR)/Pods-CoffeeApp-CoffeeAppTests-checkManifestLockResult.txt",
			);
			runOnlyForDeploymentPostprocessing = 0;
			shellPath = /bin/sh;
			shellScript = "diff \"${PODS_PODFILE_DIR_PATH}/Podfile.lock\" \"${PODS_ROOT}/Manifest.lock\" > /dev/null\nif [ $? != 0 ] ; then\n    # print error to STDERR\n    echo \"error: The sandbox is not in sync with the Podfile.lock. Run 'pod install' or update your CocoaPods installation.\" >&2\n    exit 1\nfi\n# This output is used by Xcode 'outputs' to avoid re-running this script phase.\necho \"SUCCESS\" > \"${SCRIPT_OUTPUT_FILE_0}\"\n";
			showEnvVarsInLog = 0;
		};
		C38B50BA6285516D6DCD4F65 /* [CP] Check Pods Manifest.lock */ = {
			isa = PBXShellScriptBuildPhase;
			buildActionMask = 2147483647;
			files = (
			);
			inputFileListPaths = (
			);
			inputPaths = (
				"${PODS_PODFILE_DIR_PATH}/Podfile.lock",
				"${PODS_ROOT}/Manifest.lock",
			);
			name = "[CP] Check Pods Manifest.lock";
			outputFileListPaths = (
			);
			outputPaths = (
				"$(DERIVED_FILE_DIR)/Pods-CoffeeApp-checkManifestLockResult.txt",
			);
			runOnlyForDeploymentPostprocessing = 0;
			shellPath = /bin/sh;
			shellScript = "diff \"${PODS_PODFILE_DIR_PATH}/Podfile.lock\" \"${PODS_ROOT}/Manifest.lock\" > /dev/null\nif [ $? != 0 ] ; then\n    # print error to STDERR\n    echo \"error: The sandbox is not in sync with the Podfile.lock. Run 'pod install' or update your CocoaPods installation.\" >&2\n    exit 1\nfi\n# This output is used by Xcode 'outputs' to avoid re-running this script phase.\necho \"SUCCESS\" > \"${SCRIPT_OUTPUT_FILE_0}\"\n";
			showEnvVarsInLog = 0;
		};
		C59DA0FBD6956966B86A3779 /* [CP] Embed Pods Frameworks */ = {
			isa = PBXShellScriptBuildPhase;
			buildActionMask = 2147483647;
			files = (
			);
			inputFileListPaths = (
				"${PODS_ROOT}/Target Support Files/Pods-CoffeeApp-CoffeeAppTests/Pods-CoffeeApp-CoffeeAppTests-frameworks-${CONFIGURATION}-input-files.xcfilelist",
			);
			name = "[CP] Embed Pods Frameworks";
			outputFileListPaths = (
				"${PODS_ROOT}/Target Support Files/Pods-CoffeeApp-CoffeeAppTests/Pods-CoffeeApp-CoffeeAppTests-frameworks-${CONFIGURATION}-output-files.xcfilelist",
			);
			runOnlyForDeploymentPostprocessing = 0;
			shellPath = /bin/sh;
			shellScript = "\"${PODS_ROOT}/Target Support Files/Pods-CoffeeApp-CoffeeAppTests/Pods-CoffeeApp-CoffeeAppTests-frameworks.sh\"\n";
			showEnvVarsInLog = 0;
		};
		E235C05ADACE081382539298 /* [CP] Copy Pods Resources */ = {
			isa = PBXShellScriptBuildPhase;
			buildActionMask = 2147483647;
			files = (
			);
			inputFileListPaths = (
				"${PODS_ROOT}/Target Support Files/Pods-CoffeeApp/Pods-CoffeeApp-resources-${CONFIGURATION}-input-files.xcfilelist",
			);
			name = "[CP] Copy Pods Resources";
			outputFileListPaths = (
				"${PODS_ROOT}/Target Support Files/Pods-CoffeeApp/Pods-CoffeeApp-resources-${CONFIGURATION}-output-files.xcfilelist",
			);
			runOnlyForDeploymentPostprocessing = 0;
			shellPath = /bin/sh;
			shellScript = "\"${PODS_ROOT}/Target Support Files/Pods-CoffeeApp/Pods-CoffeeApp-resources.sh\"\n";
			showEnvVarsInLog = 0;
		};
		F6A41C54EA430FDDC6A6ED99 /* [CP] Copy Pods Resources */ = {
			isa = PBXShellScriptBuildPhase;
			buildActionMask = 2147483647;
			files = (
			);
			inputFileListPaths = (
				"${PODS_ROOT}/Target Support Files/Pods-CoffeeApp-CoffeeAppTests/Pods-CoffeeApp-CoffeeAppTests-resources-${CONFIGURATION}-input-files.xcfilelist",
			);
			name = "[CP] Copy Pods Resources";
			outputFileListPaths = (
				"${PODS_ROOT}/Target Support Files/Pods-CoffeeApp-CoffeeAppTests/Pods-CoffeeApp-CoffeeAppTests-resources-${CONFIGURATION}-output-files.xcfilelist",
			);
			runOnlyForDeploymentPostprocessing = 0;
			shellPath = /bin/sh;
			shellScript = "\"${PODS_ROOT}/Target Support Files/Pods-CoffeeApp-CoffeeAppTests/Pods-CoffeeApp-CoffeeAppTests-resources.sh\"\n";
			showEnvVarsInLog = 0;
		};
/* End PBXShellScriptBuildPhase section */

/* Begin PBXSourcesBuildPhase section */
		00E356EA1AD99517003FC87E /* Sources */ = {
			isa = PBXSourcesBuildPhase;
			buildActionMask = 2147483647;
			files = (
				00E356F31AD99517003FC87E /* CoffeeAppTests.m in Sources */,
			);
			runOnlyForDeploymentPostprocessing = 0;
		};
		13B07F871A680F5B00A75B9A /* Sources */ = {
			isa = PBXSourcesBuildPhase;
			buildActionMask = 2147483647;
			files = (
				13B07FBC1A68108700A75B9A /* AppDelegate.mm in Sources */,
				13B07FC11A68108700A75B9A /* main.m in Sources */,
			);
			runOnlyForDeploymentPostprocessing = 0;
		};
/* End PBXSourcesBuildPhase section */

/* Begin PBXTargetDependency section */
		00E356F51AD99517003FC87E /* PBXTargetDependency */ = {
			isa = PBXTargetDependency;
			target = 13B07F861A680F5B00A75B9A /* CoffeeApp */;
			targetProxy = 00E356F41AD99517003FC87E /* PBXContainerItemProxy */;
		};
/* End PBXTargetDependency section */

/* Begin XCBuildConfiguration section */
		00E356F61AD99517003FC87E /* Debug */ = {
			isa = XCBuildConfiguration;
			baseConfigurationReference = 5B7EB9410499542E8C5724F5 /* Pods-CoffeeApp-CoffeeAppTests.debug.xcconfig */;
			buildSettings = {
				BUNDLE_LOADER = "$(TEST_HOST)";
				GCC_PREPROCESSOR_DEFINITIONS = (
					"DEBUG=1",
					"$(inherited)",
				);
				INFOPLIST_FILE = CoffeeAppTests/Info.plist;
				IPHONEOS_DEPLOYMENT_TARGET = 13.4;
				LD_RUNPATH_SEARCH_PATHS = (
					"$(inherited)",
					"@executable_path/Frameworks",
					"@loader_path/Frameworks",
				);
				OTHER_LDFLAGS = (
					"-ObjC",
					"-lc++",
					"$(inherited)",
				);
				PRODUCT_BUNDLE_IDENTIFIER = "org.reactjs.native.example.$(PRODUCT_NAME:rfc1034identifier)";
				PRODUCT_NAME = "$(TARGET_NAME)";
				TEST_HOST = "$(BUILT_PRODUCTS_DIR)/CoffeeApp.app/CoffeeApp";
			};
			name = Debug;
		};
		00E356F71AD99517003FC87E /* Release */ = {
			isa = XCBuildConfiguration;
			baseConfigurationReference = 89C6BE57DB24E9ADA2F236DE /* Pods-CoffeeApp-CoffeeAppTests.release.xcconfig */;
			buildSettings = {
				BUNDLE_LOADER = "$(TEST_HOST)";
				COPY_PHASE_STRIP = NO;
				INFOPLIST_FILE = CoffeeAppTests/Info.plist;
				IPHONEOS_DEPLOYMENT_TARGET = 13.4;
				LD_RUNPATH_SEARCH_PATHS = (
					"$(inherited)",
					"@executable_path/Frameworks",
					"@loader_path/Frameworks",
				);
				OTHER_LDFLAGS = (
					"-ObjC",
					"-lc++",
					"$(inherited)",
				);
				PRODUCT_BUNDLE_IDENTIFIER = "org.reactjs.native.example.$(PRODUCT_NAME:rfc1034identifier)";
				PRODUCT_NAME = "$(TARGET_NAME)";
				TEST_HOST = "$(BUILT_PRODUCTS_DIR)/CoffeeApp.app/CoffeeApp";
			};
			name = Release;
		};
		13B07F941A680F5B00A75B9A /* Debug */ = {
			isa = XCBuildConfiguration;
			baseConfigurationReference = 3B4392A12AC88292D35C810B /* Pods-CoffeeApp.debug.xcconfig */;
			buildSettings = {
				ASSETCATALOG_COMPILER_APPICON_NAME = AppIcon;
				CLANG_ENABLE_MODULES = YES;
				CURRENT_PROJECT_VERSION = 1;
				ENABLE_BITCODE = NO;
				INFOPLIST_FILE = CoffeeApp/Info.plist;
				LD_RUNPATH_SEARCH_PATHS = (
					"$(inherited)",
					"@executable_path/Frameworks",
				);
				MARKETING_VERSION = 1.0;
				OTHER_LDFLAGS = (
					"$(inherited)",
					"-ObjC",
					"-lc++",
				);
				PRODUCT_BUNDLE_IDENTIFIER = "org.reactjs.native.example.$(PRODUCT_NAME:rfc1034identifier)";
				PRODUCT_NAME = CoffeeApp;
				SWIFT_OPTIMIZATION_LEVEL = "-Onone";
				SWIFT_VERSION = 5.0;
				VERSIONING_SYSTEM = "apple-generic";
			};
			name = Debug;
		};
		13B07F951A680F5B00A75B9A /* Release */ = {
			isa = XCBuildConfiguration;
			baseConfigurationReference = 5709B34CF0A7D63546082F79 /* Pods-CoffeeApp.release.xcconfig */;
			buildSettings = {
				ASSETCATALOG_COMPILER_APPICON_NAME = AppIcon;
				CLANG_ENABLE_MODULES = YES;
				CURRENT_PROJECT_VERSION = 1;
				INFOPLIST_FILE = CoffeeApp/Info.plist;
				LD_RUNPATH_SEARCH_PATHS = (
					"$(inherited)",
					"@executable_path/Frameworks",
				);
				MARKETING_VERSION = 1.0;
				OTHER_LDFLAGS = (
					"$(inherited)",
					"-ObjC",
					"-lc++",
				);
				PRODUCT_BUNDLE_IDENTIFIER = "org.reactjs.native.example.$(PRODUCT_NAME:rfc1034identifier)";
				PRODUCT_NAME = CoffeeApp;
				SWIFT_VERSION = 5.0;
				VERSIONING_SYSTEM = "apple-generic";
			};
			name = Release;
		};
		83CBBA201A601CBA00E9B192 /* Debug */ = {
			isa = XCBuildConfiguration;
			buildSettings = {
				ALWAYS_SEARCH_USER_PATHS = NO;
				CLANG_ANALYZER_LOCALIZABILITY_NONLOCALIZED = YES;
				CLANG_CXX_LANGUAGE_STANDARD = "c++20";
				CLANG_CXX_LIBRARY = "libc++";
				CLANG_ENABLE_MODULES = YES;
				CLANG_ENABLE_OBJC_ARC = YES;
				CLANG_WARN_BLOCK_CAPTURE_AUTORELEASING = YES;
				CLANG_WARN_BOOL_CONVERSION = YES;
				CLANG_WARN_COMMA = YES;
				CLANG_WARN_CONSTANT_CONVERSION = YES;
				CLANG_WARN_DEPRECATED_OBJC_IMPLEMENTATIONS = YES;
				CLANG_WARN_DIRECT_OBJC_ISA_USAGE = YES_ERROR;
				CLANG_WARN_EMPTY_BODY = YES;
				CLANG_WARN_ENUM_CONVERSION = YES;
				CLANG_WARN_INFINITE_RECURSION = YES;
				CLANG_WARN_INT_CONVERSION = YES;
				CLANG_WARN_NON_LITERAL_NULL_CONVERSION = YES;
				CLANG_WARN_OBJC_IMPLICIT_RETAIN_SELF = YES;
				CLANG_WARN_OBJC_LITERAL_CONVERSION = YES;
				CLANG_WARN_OBJC_ROOT_CLASS = YES_ERROR;
				CLANG_WARN_QUOTED_INCLUDE_IN_FRAMEWORK_HEADER = YES;
				CLANG_WARN_RANGE_LOOP_ANALYSIS = YES;
				CLANG_WARN_STRICT_PROTOTYPES = YES;
				CLANG_WARN_SUSPICIOUS_MOVE = YES;
				CLANG_WARN_UNREACHABLE_CODE = YES;
				CLANG_WARN__DUPLICATE_METHOD_MATCH = YES;
				"CODE_SIGN_IDENTITY[sdk=iphoneos*]" = "iPhone Developer";
				COPY_PHASE_STRIP = NO;
				ENABLE_STRICT_OBJC_MSGSEND = YES;
				ENABLE_TESTABILITY = YES;
				"EXCLUDED_ARCHS[sdk=iphonesimulator*]" = "";
				GCC_C_LANGUAGE_STANDARD = gnu99;
				GCC_DYNAMIC_NO_PIC = NO;
				GCC_NO_COMMON_BLOCKS = YES;
				GCC_OPTIMIZATION_LEVEL = 0;
				GCC_PREPROCESSOR_DEFINITIONS = (
					"DEBUG=1",
					"$(inherited)",
				);
				GCC_SYMBOLS_PRIVATE_EXTERN = NO;
				GCC_WARN_64_TO_32_BIT_CONVERSION = YES;
				GCC_WARN_ABOUT_RETURN_TYPE = YES_ERROR;
				GCC_WARN_UNDECLARED_SELECTOR = YES;
				GCC_WARN_UNINITIALIZED_AUTOS = YES_AGGRESSIVE;
				GCC_WARN_UNUSED_FUNCTION = YES;
				GCC_WARN_UNUSED_VARIABLE = YES;
				IPHONEOS_DEPLOYMENT_TARGET = 13.4;
				LD_RUNPATH_SEARCH_PATHS = (
					/usr/lib/swift,
					"$(inherited)",
				);
				LIBRARY_SEARCH_PATHS = (
					"\"$(SDKROOT)/usr/lib/swift\"",
					"\"$(TOOLCHAIN_DIR)/usr/lib/swift/$(PLATFORM_NAME)\"",
					"\"$(inherited)\"",
				);
				MTL_ENABLE_DEBUG_INFO = YES;
				ONLY_ACTIVE_ARCH = YES;
				OTHER_CPLUSPLUSFLAGS = (
					"$(OTHER_CFLAGS)",
					"-DFOLLY_NO_CONFIG",
					"-DFOLLY_MOBILE=1",
					"-DFOLLY_USE_LIBCPP=1",
					"-DFOLLY_CFG_NO_COROUTINES=1",
					"-DFOLLY_HAVE_CLOCK_GETTIME=1",
				);
				SDKROOT = iphoneos;
			};
			name = Debug;
		};
		83CBBA211A601CBA00E9B192 /* Release */ = {
			isa = XCBuildConfiguration;
			buildSettings = {
				ALWAYS_SEARCH_USER_PATHS = NO;
				CLANG_ANALYZER_LOCALIZABILITY_NONLOCALIZED = YES;
				CLANG_CXX_LANGUAGE_STANDARD = "c++20";
				CLANG_CXX_LIBRARY = "libc++";
				CLANG_ENABLE_MODULES = YES;
				CLANG_ENABLE_OBJC_ARC = YES;
				CLANG_WARN_BLOCK_CAPTURE_AUTORELEASING = YES;
				CLANG_WARN_BOOL_CONVERSION = YES;
				CLANG_WARN_COMMA = YES;
				CLANG_WARN_CONSTANT_CONVERSION = YES;
				CLANG_WARN_DEPRECATED_OBJC_IMPLEMENTATIONS = YES;
				CLANG_WARN_DIRECT_OBJC_ISA_USAGE = YES_ERROR;
				CLANG_WARN_EMPTY_BODY = YES;
				CLANG_WARN_ENUM_CONVERSION = YES;
				CLANG_WARN_INFINITE_RECURSION = YES;
				CLANG_WARN_INT_CONVERSION = YES;
				CLANG_WARN_NON_LITERAL_NULL_CONVERSION = YES;
				CLANG_WARN_OBJC_IMPLICIT_RETAIN_SELF = YES;
				CLANG_WARN_OBJC_LITERAL_CONVERSION = YES;
				CLANG_WARN_OBJC_ROOT_CLASS = YES_ERROR;
				CLANG_WARN_QUOTED_INCLUDE_IN_FRAMEWORK_HEADER = YES;
				CLANG_WARN_RANGE_LOOP_ANALYSIS = YES;
				CLANG_WARN_STRICT_PROTOTYPES = YES;
				CLANG_WARN_SUSPICIOUS_MOVE = YES;
				CLANG_WARN_UNREACHABLE_CODE = YES;
				CLANG_WARN__DUPLICATE_METHOD_MATCH = YES;
				"CODE_SIGN_IDENTITY[sdk=iphoneos*]" = "iPhone Developer";
				COPY_PHASE_STRIP = YES;
				ENABLE_NS_ASSERTIONS = NO;
				ENABLE_STRICT_OBJC_MSGSEND = YES;
				"EXCLUDED_ARCHS[sdk=iphonesimulator*]" = "";
				GCC_C_LANGUAGE_STANDARD = gnu99;
				GCC_NO_COMMON_BLOCKS = YES;
				GCC_WARN_64_TO_32_BIT_CONVERSION = YES;
				GCC_WARN_ABOUT_RETURN_TYPE = YES_ERROR;
				GCC_WARN_UNDECLARED_SELECTOR = YES;
				GCC_WARN_UNINITIALIZED_AUTOS = YES_AGGRESSIVE;
				GCC_WARN_UNUSED_FUNCTION = YES;
				GCC_WARN_UNUSED_VARIABLE = YES;
				IPHONEOS_DEPLOYMENT_TARGET = 13.4;
				LD_RUNPATH_SEARCH_PATHS = (
					/usr/lib/swift,
					"$(inherited)",
				);
				LIBRARY_SEARCH_PATHS = (
					"\"$(SDKROOT)/usr/lib/swift\"",
					"\"$(TOOLCHAIN_DIR)/usr/lib/swift/$(PLATFORM_NAME)\"",
					"\"$(inherited)\"",
				);
				MTL_ENABLE_DEBUG_INFO = NO;
				OTHER_CPLUSPLUSFLAGS = (
					"$(OTHER_CFLAGS)",
					"-DFOLLY_NO_CONFIG",
					"-DFOLLY_MOBILE=1",
					"-DFOLLY_USE_LIBCPP=1",
					"-DFOLLY_CFG_NO_COROUTINES=1",
					"-DFOLLY_HAVE_CLOCK_GETTIME=1",
				);
				SDKROOT = iphoneos;
				VALIDATE_PRODUCT = YES;
			};
			name = Release;
		};
/* End XCBuildConfiguration section */

/* Begin XCConfigurationList section */
		00E357021AD99517003FC87E /* Build configuration list for PBXNativeTarget "CoffeeAppTests" */ = {
			isa = XCConfigurationList;
			buildConfigurations = (
				00E356F61AD99517003FC87E /* Debug */,
				00E356F71AD99517003FC87E /* Release */,
			);
			defaultConfigurationIsVisible = 0;
			defaultConfigurationName = Release;
		};
		13B07F931A680F5B00A75B9A /* Build configuration list for PBXNativeTarget "CoffeeApp" */ = {
			isa = XCConfigurationList;
			buildConfigurations = (
				13B07F941A680F5B00A75B9A /* Debug */,
				13B07F951A680F5B00A75B9A /* Release */,
			);
			defaultConfigurationIsVisible = 0;
			defaultConfigurationName = Release;
		};
		83CBB9FA1A601CBA00E9B192 /* Build configuration list for PBXProject "CoffeeApp" */ = {
			isa = XCConfigurationList;
			buildConfigurations = (
				83CBBA201A601CBA00E9B192 /* Debug */,
				83CBBA211A601CBA00E9B192 /* Release */,
			);
			defaultConfigurationIsVisible = 0;
			defaultConfigurationName = Release;
		};
/* End XCConfigurationList section */
	};
	rootObject = 83CBB9F71A601CBA00E9B192 /* Project object */;
}
